
Microsoft Visual Studio Solution File, Format Version 12.00
# Visual Studio Version 16
VisualStudioVersion = 16.0.31129.286
MinimumVisualStudioVersion = 10.0.40219.1
Project("{FAE04EC0-301F-11D3-BF4B-00C04F79EFBC}") = "Typing Test App", "Typing Test App.csproj", "{15863A52-CE09-4FDC-8972-91968BC1839A}"
EndProject
Global
	GlobalSection(SolutionConfigurationPlatforms) = preSolution
		Debug|Any CPU = Debug|Any CPU
		Release|Any CPU = Release|Any CPU
	EndGlobalSection
	GlobalSection(ProjectConfigurationPlatforms) = postSolution
		{15863A52-CE09-4FDC-8972-91968BC1839A}.Debug|Any CPU.ActiveCfg = Debug|Any CPU
		{15863A52-CE09-4FDC-8972-91968BC1839A}.Debug|Any CPU.Build.0 = Debug|Any CPU
		{15863A52-CE09-4FDC-8972-91968BC1839A}.Release|Any CPU.ActiveCfg = Release|Any CPU
		{15863A52-CE09-4FDC-8972-91968BC1839A}.Release|Any CPU.Build.0 = Release|Any CPU
	EndGlobalSection
	GlobalSection(SolutionProperties) = preSolution
		HideSolutionNode = FALSE
	EndGlobalSection
	GlobalSection(ExtensibilityGlobals) = postSolution
		SolutionGuid = {F65AC988-308B-48B8-9D4A-FD87E8E08C72}
	EndGlobalSection
EndGlobal
